
Microsoft Visual Studio Solution File, Format Version 12.00
# Visual Studio Version 17
VisualStudioVersion = 17.6.33801.468
MinimumVisualStudioVersion = 10.0.40219.1
Project("{FAE04EC0-301F-11D3-BF4B-00C04F79EFBC}") = "Company Pet", "Company Pet.csproj", "{4575973B-9EA1-4224-8BD6-21ECEDAD6E84}"
EndProject
Global
	GlobalSection(SolutionConfigurationPlatforms) = preSolution
		Debug|Any CPU = Debug|Any CPU
		Release|Any CPU = Release|Any CPU
	EndGlobalSection
	GlobalSection(ProjectConfigurationPlatforms) = postSolution
		{4575973B-9EA1-4224-8BD6-21ECEDAD6E84}.Debug|Any CPU.ActiveCfg = Debug|Any CPU
		{4575973B-9EA1-4224-8BD6-21ECEDAD6E84}.Debug|Any CPU.Build.0 = Debug|Any CPU
		{4575973B-9EA1-4224-8BD6-21ECEDAD6E84}.Release|Any CPU.ActiveCfg = Release|Any CPU
		{4575973B-9EA1-4224-8BD6-21ECEDAD6E84}.Release|Any CPU.Build.0 = Release|Any CPU
	EndGlobalSection
	GlobalSection(SolutionProperties) = preSolution
		HideSolutionNode = FALSE
	EndGlobalSection
	GlobalSection(ExtensibilityGlobals) = postSolution
		SolutionGuid = {9D3A7A03-2853-4ED5-85E0-7FBDD4B24768}
	EndGlobalSection
EndGlobal
